// !$*UTF8*$!
{
	archiveVersion = 1;
	classes = {
	};
	objectVersion = 48;
	objects = {

/* Begin PBXBuildFile section */
		49636972203B8E230069CE22 /* RegistrationViewModel.swift in Sources */ = {isa = PBXBuildFile; fileRef = 49636971203B8E230069CE22 /* RegistrationViewModel.swift */; };
		49636974203B8EA60069CE22 /* BindingTextField.swift in Sources */ = {isa = PBXBuildFile; fileRef = 49636973203B8EA60069CE22 /* BindingTextField.swift */; };
		49636976203B939D0069CE22 /* UserViewModel.swift in Sources */ = {isa = PBXBuildFile; fileRef = 49636975203B939D0069CE22 /* UserViewModel.swift */; };
		49636978203B94C80069CE22 /* User.swift in Sources */ = {isa = PBXBuildFile; fileRef = 49636977203B94C80069CE22 /* User.swift */; };
		498C11FA203C9C7D00AE961A /* DataAccess.swift in Sources */ = {isa = PBXBuildFile; fileRef = 498C11F9203C9C7D00AE961A /* DataAccess.swift */; };
		498C11FC203C9CAC00AE961A /* UsersTableViewController.swift in Sources */ = {isa = PBXBuildFile; fileRef = 498C11FB203C9CAC00AE961A /* UsersTableViewController.swift */; };
		498C11FE203C9CBD00AE961A /* UsersListViewModel.swift in Sources */ = {isa = PBXBuildFile; fileRef = 498C11FD203C9CBD00AE961A /* UsersListViewModel.swift */; };
		8D99F4F61FD5DC2E007A59B7 /* AppDelegate.swift in Sources */ = {isa = PBXBuildFile; fileRef = 8D99F4F51FD5DC2E007A59B7 /* AppDelegate.swift */; };
		8D99F4F81FD5DC2E007A59B7 /* ViewController.swift in Sources */ = {isa = PBXBuildFile; fileRef = 8D99F4F71FD5DC2E007A59B7 /* ViewController.swift */; };
		8D99F4FB1FD5DC2E007A59B7 /* Main.storyboard in Resources */ = {isa = PBXBuildFile; fileRef = 8D99F4F91FD5DC2E007A59B7 /* Main.storyboard */; };
		8D99F4FD1FD5DC2E007A59B7 /* Assets.xcassets in Resources */ = {isa = PBXBuildFile; fileRef = 8D99F4FC1FD5DC2E007A59B7 /* Assets.xcassets */; };
		8D99F5001FD5DC2E007A59B7 /* LaunchScreen.storyboard in Resources */ = {isa = PBXBuildFile; fileRef = 8D99F4FE1FD5DC2E007A59B7 /* LaunchScreen.storyboard */; };
		8D99F50A1FD5E70B007A59B7 /* RegistrationTableViewController.swift in Sources */ = {isa = PBXBuildFile; fileRef = 8D99F5091FD5E70B007A59B7 /* RegistrationTableViewController.swift */; };
		AD016D0320406EE9000B005B /* Dynamic.swift in Sources */ = {isa = PBXBuildFile; fileRef = AD016D0220406EE9000B005B /* Dynamic.swift */; };
		AD016D052040716C000B005B /* VC2.swift in Sources */ = {isa = PBXBuildFile; fileRef = AD016D042040716C000B005B /* VC2.swift */; };
/* End PBXBuildFile section */

/* Begin PBXFileReference section */
		49636971203B8E230069CE22 /* RegistrationViewModel.swift */ = {isa = PBXFileReference; lastKnownFileType = sourcecode.swift; path = RegistrationViewModel.swift; sourceTree = "<group>"; };
		49636973203B8EA60069CE22 /* BindingTextField.swift */ = {isa = PBXFileReference; lastKnownFileType = sourcecode.swift; path = BindingTextField.swift; sourceTree = "<group>"; };
		49636975203B939D0069CE22 /* UserViewModel.swift */ = {isa = PBXFileReference; lastKnownFileType = sourcecode.swift; path = UserViewModel.swift; sourceTree = "<group>"; };
		49636977203B94C80069CE22 /* User.swift */ = {isa = PBXFileReference; fileEncoding = 4; lastKnownFileType = sourcecode.swift; path = User.swift; sourceTree = "<group>"; };
		498C11F9203C9C7D00AE961A /* DataAccess.swift */ = {isa = PBXFileReference; fileEncoding = 4; lastKnownFileType = sourcecode.swift; path = DataAccess.swift; sourceTree = "<group>"; };
		498C11FB203C9CAC00AE961A /* UsersTableViewController.swift */ = {isa = PBXFileReference; fileEncoding = 4; lastKnownFileType = sourcecode.swift; path = UsersTableViewController.swift; sourceTree = "<group>"; };
		498C11FD203C9CBD00AE961A /* UsersListViewModel.swift */ = {isa = PBXFileReference; fileEncoding = 4; lastKnownFileType = sourcecode.swift; path = UsersListViewModel.swift; sourceTree = "<group>"; };
		8D99F4F21FD5DC2E007A59B7 /* MVVMBinding.app */ = {isa = PBXFileReference; explicitFileType = wrapper.application; includeInIndex = 0; path = MVVMBinding.app; sourceTree = BUILT_PRODUCTS_DIR; };
		8D99F4F51FD5DC2E007A59B7 /* AppDelegate.swift */ = {isa = PBXFileReference; lastKnownFileType = sourcecode.swift; path = AppDelegate.swift; sourceTree = "<group>"; };
		8D99F4F71FD5DC2E007A59B7 /* ViewController.swift */ = {isa = PBXFileReference; lastKnownFileType = sourcecode.swift; path = ViewController.swift; sourceTree = "<group>"; };
		8D99F4FA1FD5DC2E007A59B7 /* Base */ = {isa = PBXFileReference; lastKnownFileType = file.storyboard; name = Base; path = Base.lproj/Main.storyboard; sourceTree = "<group>"; };
		8D99F4FC1FD5DC2E007A59B7 /* Assets.xcassets */ = {isa = PBXFileReference; lastKnownFileType = folder.assetcatalog; path = Assets.xcassets; sourceTree = "<group>"; };
		8D99F4FF1FD5DC2E007A59B7 /* Base */ = {isa = PBXFileReference; lastKnownFileType = file.storyboard; name = Base; path = Base.lproj/LaunchScreen.storyboard; sourceTree = "<group>"; };
		8D99F5011FD5DC2E007A59B7 /* Info.plist */ = {isa = PBXFileReference; lastKnownFileType = text.plist.xml; path = Info.plist; sourceTree = "<group>"; };
		8D99F5091FD5E70B007A59B7 /* RegistrationTableViewController.swift */ = {isa = PBXFileReference; lastKnownFileType = sourcecode.swift; path = RegistrationTableViewController.swift; sourceTree = "<group>"; };
		AD016D0220406EE9000B005B /* Dynamic.swift */ = {isa = PBXFileReference; lastKnownFileType = sourcecode.swift; path = Dynamic.swift; sourceTree = "<group>"; };
		AD016D042040716C000B005B /* VC2.swift */ = {isa = PBXFileReference; lastKnownFileType = sourcecode.swift; path = VC2.swift; sourceTree = "<group>"; };
/* End PBXFileReference section */

/* Begin PBXFrameworksBuildPhase section */
		8D99F4EF1FD5DC2E007A59B7 /* Frameworks */ = {
			isa = PBXFrameworksBuildPhase;
			buildActionMask = 2147483647;
			files = (
			);
			runOnlyForDeploymentPostprocessing = 0;
		};
/* End PBXFrameworksBuildPhase section */

/* Begin PBXGroup section */
		8D99F4E91FD5DC2E007A59B7 = {
			isa = PBXGroup;
			children = (
				8D99F4F41FD5DC2E007A59B7 /* MVVMBinding */,
				8D99F4F31FD5DC2E007A59B7 /* Products */,
			);
			sourceTree = "<group>";
		};
		8D99F4F31FD5DC2E007A59B7 /* Products */ = {
			isa = PBXGroup;
			children = (
				8D99F4F21FD5DC2E007A59B7 /* MVVMBinding.app */,
			);
			name = Products;
			sourceTree = "<group>";
		};
		8D99F4F41FD5DC2E007A59B7 /* MVVMBinding */ = {
			isa = PBXGroup;
			children = (
				8D99F4F51FD5DC2E007A59B7 /* AppDelegate.swift */,
				8D99F4F71FD5DC2E007A59B7 /* ViewController.swift */,
				8D99F4F91FD5DC2E007A59B7 /* Main.storyboard */,
				8D99F4FC1FD5DC2E007A59B7 /* Assets.xcassets */,
				8D99F4FE1FD5DC2E007A59B7 /* LaunchScreen.storyboard */,
				8D99F5011FD5DC2E007A59B7 /* Info.plist */,
				498C11F9203C9C7D00AE961A /* DataAccess.swift */,
				8D99F5091FD5E70B007A59B7 /* RegistrationTableViewController.swift */,
				49636971203B8E230069CE22 /* RegistrationViewModel.swift */,
				498C11FB203C9CAC00AE961A /* UsersTableViewController.swift */,
				498C11FD203C9CBD00AE961A /* UsersListViewModel.swift */,
				49636975203B939D0069CE22 /* UserViewModel.swift */,
				49636977203B94C80069CE22 /* User.swift */,
				49636973203B8EA60069CE22 /* BindingTextField.swift */,
				AD016D0220406EE9000B005B /* Dynamic.swift */,
				AD016D042040716C000B005B /* VC2.swift */,
			);
			path = MVVMBinding;
			sourceTree = "<group>";
		};
/* End PBXGroup section */

/* Begin PBXNativeTarget section */
		8D99F4F11FD5DC2E007A59B7 /* MVVMBinding */ = {
			isa = PBXNativeTarget;
			buildConfigurationList = 8D99F5041FD5DC2E007A59B7 /* Build configuration list for PBXNativeTarget "MVVMBinding" */;
			buildPhases = (
				8D99F4EE1FD5DC2E007A59B7 /* Sources */,
				8D99F4EF1FD5DC2E007A59B7 /* Frameworks */,
				8D99F4F01FD5DC2E007A59B7 /* Resources */,
			);
			buildRules = (
			);
			dependencies = (
			);
			name = MVVMBinding;
			productName = MVVMBinding;
			productReference = 8D99F4F21FD5DC2E007A59B7 /* MVVMBinding.app */;
			productType = "com.apple.product-type.application";
		};
/* End PBXNativeTarget section */

/* Begin PBXProject section */
		8D99F4EA1FD5DC2E007A59B7 /* Project object */ = {
			isa = PBXProject;
			attributes = {
				LastSwiftUpdateCheck = 0910;
				LastUpgradeCheck = 0910;
				ORGANIZATIONNAME = "Mohammad Azam";
				TargetAttributes = {
					8D99F4F11FD5DC2E007A59B7 = {
						CreatedOnToolsVersion = 9.1;
						ProvisioningStyle = Automatic;
					};
				};
			};
			buildConfigurationList = 8D99F4ED1FD5DC2E007A59B7 /* Build configuration list for PBXProject "MVVMBinding" */;
			compatibilityVersion = "Xcode 8.0";
			developmentRegion = en;
			hasScannedForEncodings = 0;
			knownRegions = (
				en,
				Base,
			);
			mainGroup = 8D99F4E91FD5DC2E007A59B7;
			productRefGroup = 8D99F4F31FD5DC2E007A59B7 /* Products */;
			projectDirPath = "";
			projectRoot = "";
			targets = (
				8D99F4F11FD5DC2E007A59B7 /* MVVMBinding */,
			);
		};
/* End PBXProject section */

/* Begin PBXResourcesBuildPhase section */
		8D99F4F01FD5DC2E007A59B7 /* Resources */ = {
			isa = PBXResourcesBuildPhase;
			buildActionMask = 2147483647;
			files = (
				8D99F5001FD5DC2E007A59B7 /* LaunchScreen.storyboard in Resources */,
				8D99F4FD1FD5DC2E007A59B7 /* Assets.xcassets in Resources */,
				8D99F4FB1FD5DC2E007A59B7 /* Main.storyboard in Resources */,
			);
			runOnlyForDeploymentPostprocessing = 0;
		};
/* End PBXResourcesBuildPhase section */

/* Begin PBXSourcesBuildPhase section */
		8D99F4EE1FD5DC2E007A59B7 /* Sources */ = {
			isa = PBXSourcesBuildPhase;
			buildActionMask = 2147483647;
			files = (
				8D99F4F81FD5DC2E007A59B7 /* ViewController.swift in Sources */,
				49636976203B939D0069CE22 /* UserViewModel.swift in Sources */,
				498C11FC203C9CAC00AE961A /* UsersTableViewController.swift in Sources */,
				AD016D052040716C000B005B /* VC2.swift in Sources */,
				498C11FE203C9CBD00AE961A /* UsersListViewModel.swift in Sources */,
				49636972203B8E230069CE22 /* RegistrationViewModel.swift in Sources */,
				49636974203B8EA60069CE22 /* BindingTextField.swift in Sources */,
				8D99F50A1FD5E70B007A59B7 /* RegistrationTableViewController.swift in Sources */,
				AD016D0320406EE9000B005B /* Dynamic.swift in Sources */,
				8D99F4F61FD5DC2E007A59B7 /* AppDelegate.swift in Sources */,
				49636978203B94C80069CE22 /* User.swift in Sources */,
				498C11FA203C9C7D00AE961A /* DataAccess.swift in Sources */,
			);
			runOnlyForDeploymentPostprocessing = 0;
		};
/* End PBXSourcesBuildPhase section */

/* Begin PBXVariantGroup section */
		8D99F4F91FD5DC2E007A59B7 /* Main.storyboard */ = {
			isa = PBXVariantGroup;
			children = (
				8D99F4FA1FD5DC2E007A59B7 /* Base */,
			);
			name = Main.storyboard;
			sourceTree = "<group>";
		};
		8D99F4FE1FD5DC2E007A59B7 /* LaunchScreen.storyboard */ = {
			isa = PBXVariantGroup;
			children = (
				8D99F4FF1FD5DC2E007A59B7 /* Base */,
			);
			name = LaunchScreen.storyboard;
			sourceTree = "<group>";
		};
/* End PBXVariantGroup section */

/* Begin XCBuildConfiguration section */
		8D99F5021FD5DC2E007A59B7 /* Debug */ = {
			isa = XCBuildConfiguration;
			buildSettings = {
				ALWAYS_SEARCH_USER_PATHS = NO;
				CLANG_ANALYZER_NONNULL = YES;
				CLANG_ANALYZER_NUMBER_OBJECT_CONVERSION = YES_AGGRESSIVE;
				CLANG_CXX_LANGUAGE_STANDARD = "gnu++14";
				CLANG_CXX_LIBRARY = "libc++";
				CLANG_ENABLE_MODULES = YES;
				CLANG_ENABLE_OBJC_ARC = YES;
				CLANG_WARN_BLOCK_CAPTURE_AUTORELEASING = YES;
				CLANG_WARN_BOOL_CONVERSION = YES;
				CLANG_WARN_COMMA = YES;
				CLANG_WARN_CONSTANT_CONVERSION = YES;
				CLANG_WARN_DIRECT_OBJC_ISA_USAGE = YES_ERROR;
				CLANG_WARN_DOCUMENTATION_COMMENTS = YES;
				CLANG_WARN_EMPTY_BODY = YES;
				CLANG_WARN_ENUM_CONVERSION = YES;
				CLANG_WARN_INFINITE_RECURSION = YES;
				CLANG_WARN_INT_CONVERSION = YES;
				CLANG_WARN_NON_LITERAL_NULL_CONVERSION = YES;
				CLANG_WARN_OBJC_LITERAL_CONVERSION = YES;
				CLANG_WARN_OBJC_ROOT_CLASS = YES_ERROR;
				CLANG_WARN_RANGE_LOOP_ANALYSIS = YES;
				CLANG_WARN_STRICT_PROTOTYPES = YES;
				CLANG_WARN_SUSPICIOUS_MOVE = YES;
				CLANG_WARN_UNGUARDED_AVAILABILITY = YES_AGGRESSIVE;
				CLANG_WARN_UNREACHABLE_CODE = YES;
				CLANG_WARN__DUPLICATE_METHOD_MATCH = YES;
				CODE_SIGN_IDENTITY = "iPhone Developer";
				COPY_PHASE_STRIP = NO;
				DEBUG_INFORMATION_FORMAT = dwarf;
				ENABLE_STRICT_OBJC_MSGSEND = YES;
				ENABLE_TESTABILITY = YES;
				GCC_C_LANGUAGE_STANDARD = gnu11;
				GCC_DYNAMIC_NO_PIC = NO;
				GCC_NO_COMMON_BLOCKS = YES;
				GCC_OPTIMIZATION_LEVEL = 0;
				GCC_PREPROCESSOR_DEFINITIONS = (
					"DEBUG=1",
					"$(inherited)",
				);
				GCC_WARN_64_TO_32_BIT_CONVERSION = YES;
				GCC_WARN_ABOUT_RETURN_TYPE = YES_ERROR;
				GCC_WARN_UNDECLARED_SELECTOR = YES;
				GCC_WARN_UNINITIALIZED_AUTOS = YES_AGGRESSIVE;
				GCC_WARN_UNUSED_FUNCTION = YES;
				GCC_WARN_UNUSED_VARIABLE = YES;
				IPHONEOS_DEPLOYMENT_TARGET = 11.1;
				MTL_ENABLE_DEBUG_INFO = YES;
				ONLY_ACTIVE_ARCH = YES;
				SDKROOT = iphoneos;
				SWIFT_ACTIVE_COMPILATION_CONDITIONS = DEBUG;
				SWIFT_OPTIMIZATION_LEVEL = "-Onone";
			};
			name = Debug;
		};
		8D99F5031FD5DC2E007A59B7 /* Release */ = {
			isa = XCBuildConfiguration;
			buildSettings = {
				ALWAYS_SEARCH_USER_PATHS = NO;
				CLANG_ANALYZER_NONNULL = YES;
				CLANG_ANALYZER_NUMBER_OBJECT_CONVERSION = YES_AGGRESSIVE;
				CLANG_CXX_LANGUAGE_STANDARD = "gnu++14";
				CLANG_CXX_LIBRARY = "libc++";
				CLANG_ENABLE_MODULES = YES;
				CLANG_ENABLE_OBJC_ARC = YES;
				CLANG_WARN_BLOCK_CAPTURE_AUTORELEASING = YES;
				CLANG_WARN_BOOL_CONVERSION = YES;
				CLANG_WARN_COMMA = YES;
				CLANG_WARN_CONSTANT_CONVERSION = YES;
				CLANG_WARN_DIRECT_OBJC_ISA_USAGE = YES_ERROR;
				CLANG_WARN_DOCUMENTATION_COMMENTS = YES;
				CLANG_WARN_EMPTY_BODY = YES;
				CLANG_WARN_ENUM_CONVERSION = YES;
				CLANG_WARN_INFINITE_RECURSION = YES;
				CLANG_WARN_INT_CONVERSION = YES;
				CLANG_WARN_NON_LITERAL_NULL_CONVERSION = YES;
				CLANG_WARN_OBJC_LITERAL_CONVERSION = YES;
				CLANG_WARN_OBJC_ROOT_CLASS = YES_ERROR;
				CLANG_WARN_RANGE_LOOP_ANALYSIS = YES;
				CLANG_WARN_STRICT_PROTOTYPES = YES;
				CLANG_WARN_SUSPICIOUS_MOVE = YES;
				CLANG_WARN_UNGUARDED_AVAILABILITY = YES_AGGRESSIVE;
				CLANG_WARN_UNREACHABLE_CODE = YES;
				CLANG_WARN__DUPLICATE_METHOD_MATCH = YES;
				CODE_SIGN_IDENTITY = "iPhone Developer";
				COPY_PHASE_STRIP = NO;
				DEBUG_INFORMATION_FORMAT = "dwarf-with-dsym";
				ENABLE_NS_ASSERTIONS = NO;
				ENABLE_STRICT_OBJC_MSGSEND = YES;
				GCC_C_LANGUAGE_STANDARD = gnu11;
				GCC_NO_COMMON_BLOCKS = YES;
				GCC_WARN_64_TO_32_BIT_CONVERSION = YES;
				GCC_WARN_ABOUT_RETURN_TYPE = YES_ERROR;
				GCC_WARN_UNDECLARED_SELECTOR = YES;
				GCC_WARN_UNINITIALIZED_AUTOS = YES_AGGRESSIVE;
				GCC_WARN_UNUSED_FUNCTION = YES;
				GCC_WARN_UNUSED_VARIABLE = YES;
				IPHONEOS_DEPLOYMENT_TARGET = 11.1;
				MTL_ENABLE_DEBUG_INFO = NO;
				SDKROOT = iphoneos;
				SWIFT_OPTIMIZATION_LEVEL = "-Owholemodule";
				VALIDATE_PRODUCT = YES;
			};
			name = Release;
		};
		8D99F5051FD5DC2E007A59B7 /* Debug */ = {
			isa = XCBuildConfiguration;
			buildSettings = {
				ASSETCATALOG_COMPILER_APPICON_NAME = AppIcon;
				CODE_SIGN_STYLE = Automatic;
				DEVELOPMENT_TEAM = W3SFNKKMD2;
				INFOPLIST_FILE = MVVMBinding/Info.plist;
				LD_RUNPATH_SEARCH_PATHS = "$(inherited) @executable_path/Frameworks";
				PRODUCT_BUNDLE_IDENTIFIER = com.azamsharp.MVVMBinding;
				PRODUCT_NAME = "$(TARGET_NAME)";
				SWIFT_VERSION = 4.0;
				TARGETED_DEVICE_FAMILY = "1,2";
			};
			name = Debug;
		};
		8D99F5061FD5DC2E007A59B7 /* Release */ = {
			isa = XCBuildConfiguration;
			buildSettings = {
				ASSETCATALOG_COMPILER_APPICON_NAME = AppIcon;
				CODE_SIGN_STYLE = Automatic;
				DEVELOPMENT_TEAM = W3SFNKKMD2;
				INFOPLIST_FILE = MVVMBinding/Info.plist;
				LD_RUNPATH_SEARCH_PATHS = "$(inherited) @executable_path/Frameworks";
				PRODUCT_BUNDLE_IDENTIFIER = com.azamsharp.MVVMBinding;
				PRODUCT_NAME = "$(TARGET_NAME)";
				SWIFT_VERSION = 4.0;
				TARGETED_DEVICE_FAMILY = "1,2";
			};
			name = Release;
		};
/* End XCBuildConfiguration section */

/* Begin XCConfigurationList section */
		8D99F4ED1FD5DC2E007A59B7 /* Build configuration list for PBXProject "MVVMBinding" */ = {
			isa = XCConfigurationList;
			buildConfigurations = (
				8D99F5021FD5DC2E007A59B7 /* Debug */,
				8D99F5031FD5DC2E007A59B7 /* Release */,
			);
			defaultConfigurationIsVisible = 0;
			defaultConfigurationName = Release;
		};
		8D99F5041FD5DC2E007A59B7 /* Build configuration list for PBXNativeTarget "MVVMBinding" */ = {
			isa = XCConfigurationList;
			buildConfigurations = (
				8D99F5051FD5DC2E007A59B7 /* Debug */,
				8D99F5061FD5DC2E007A59B7 /* Release */,
			);
			defaultConfigurationIsVisible = 0;
			defaultConfigurationName = Release;
		};
/* End XCConfigurationList section */
	};
	rootObject = 8D99F4EA1FD5DC2E007A59B7 /* Project object */;
}
